
Microsoft Visual Studio Solution File, Format Version 12.00
# Visual Studio Version 17
VisualStudioVersion = 17.3.32901.215
MinimumVisualStudioVersion = 10.0.40219.1
Project("{9A19103F-16F7-4668-BE54-9A1E7A4F7556}") = "ClassMembers", "ClassMembers\ClassMembers.csproj", "{26DE7AFB-62BB-4D00-A6F4-CAD88C8F38BE}"
EndProject
Project("{9A19103F-16F7-4668-BE54-9A1E7A4F7556}") = "NesneKopyalama", "NesneKopyalama\NesneKopyalama.csproj", "{9C6A787F-E2A7-42E1-B25F-26B6958C9DB7}"
EndProject
Project("{9A19103F-16F7-4668-BE54-9A1E7A4F7556}") = "Encapsulation", "Encapsulation\Encapsulation.csproj", "{643892AC-E338-41BA-8540-37495100FEB0}"
EndProject
Project("{9A19103F-16F7-4668-BE54-9A1E7A4F7556}") = "Constructor", "Constructor\Constructor.csproj", "{B8C9680D-6974-4C71-AAB1-5F3A2A2A516A}"
EndProject
Project("{9A19103F-16F7-4668-BE54-9A1E7A4F7556}") = "Destructor", "Destructor\Destructor.csproj", "{BDD94A97-BEC1-4093-8D90-3049F6FE159F}"
EndProject
Project("{9A19103F-16F7-4668-BE54-9A1E7A4F7556}") = "StaticConstructor", "StaticConstructor\StaticConstructor.csproj", "{5926A530-2401-4680-ADEF-4C9739E89DA9}"
EndProject
Project("{9A19103F-16F7-4668-BE54-9A1E7A4F7556}") = "Inheritance(Kalitim)", "Inheritance(Kalitim)\Inheritance(Kalitim).csproj", "{CC2CC02F-D3C5-4146-B56E-3511DAD91967}"
EndProject
Project("{FAE04EC0-301F-11D3-BF4B-00C04F79EFBC}") = "VirtualAndOverride", "VirtualAndOverride\VirtualAndOverride.csproj", "{CD4EE154-33B3-414B-929A-92E08370B0C3}"
EndProject
Project("{FAE04EC0-301F-11D3-BF4B-00C04F79EFBC}") = "Polymorphism", "Polymorphism\Polymorphism.csproj", "{010D311B-8F70-459D-8495-55EAE73C412B}"
EndProject
Project("{FAE04EC0-301F-11D3-BF4B-00C04F79EFBC}") = "Polymorphism2", "Polymorphism2\Polymorphism2.csproj", "{FEA081C3-C96D-46E5-B7D3-6E599A83E4E6}"
EndProject
Project("{FAE04EC0-301F-11D3-BF4B-00C04F79EFBC}") = "SealedKeyword", "SealedKeyword\SealedKeyword.csproj", "{8D52B09F-ADBC-46AC-A0AE-19B6D4686A43}"
EndProject
Global
	GlobalSection(SolutionConfigurationPlatforms) = preSolution
		Debug|Any CPU = Debug|Any CPU
		Release|Any CPU = Release|Any CPU
	EndGlobalSection
	GlobalSection(ProjectConfigurationPlatforms) = postSolution
		{26DE7AFB-62BB-4D00-A6F4-CAD88C8F38BE}.Debug|Any CPU.ActiveCfg = Debug|Any CPU
		{26DE7AFB-62BB-4D00-A6F4-CAD88C8F38BE}.Debug|Any CPU.Build.0 = Debug|Any CPU
		{26DE7AFB-62BB-4D00-A6F4-CAD88C8F38BE}.Release|Any CPU.ActiveCfg = Release|Any CPU
		{26DE7AFB-62BB-4D00-A6F4-CAD88C8F38BE}.Release|Any CPU.Build.0 = Release|Any CPU
		{9C6A787F-E2A7-42E1-B25F-26B6958C9DB7}.Debug|Any CPU.ActiveCfg = Debug|Any CPU
		{9C6A787F-E2A7-42E1-B25F-26B6958C9DB7}.Debug|Any CPU.Build.0 = Debug|Any CPU
		{9C6A787F-E2A7-42E1-B25F-26B6958C9DB7}.Release|Any CPU.ActiveCfg = Release|Any CPU
		{9C6A787F-E2A7-42E1-B25F-26B6958C9DB7}.Release|Any CPU.Build.0 = Release|Any CPU
		{643892AC-E338-41BA-8540-37495100FEB0}.Debug|Any CPU.ActiveCfg = Debug|Any CPU
		{643892AC-E338-41BA-8540-37495100FEB0}.Debug|Any CPU.Build.0 = Debug|Any CPU
		{643892AC-E338-41BA-8540-37495100FEB0}.Release|Any CPU.ActiveCfg = Release|Any CPU
		{643892AC-E338-41BA-8540-37495100FEB0}.Release|Any CPU.Build.0 = Release|Any CPU
		{B8C9680D-6974-4C71-AAB1-5F3A2A2A516A}.Debug|Any CPU.ActiveCfg = Debug|Any CPU
		{B8C9680D-6974-4C71-AAB1-5F3A2A2A516A}.Debug|Any CPU.Build.0 = Debug|Any CPU
		{B8C9680D-6974-4C71-AAB1-5F3A2A2A516A}.Release|Any CPU.ActiveCfg = Release|Any CPU
		{B8C9680D-6974-4C71-AAB1-5F3A2A2A516A}.Release|Any CPU.Build.0 = Release|Any CPU
		{BDD94A97-BEC1-4093-8D90-3049F6FE159F}.Debug|Any CPU.ActiveCfg = Debug|Any CPU
		{BDD94A97-BEC1-4093-8D90-3049F6FE159F}.Debug|Any CPU.Build.0 = Debug|Any CPU
		{BDD94A97-BEC1-4093-8D90-3049F6FE159F}.Release|Any CPU.ActiveCfg = Release|Any CPU
		{BDD94A97-BEC1-4093-8D90-3049F6FE159F}.Release|Any CPU.Build.0 = Release|Any CPU
		{5926A530-2401-4680-ADEF-4C9739E89DA9}.Debug|Any CPU.ActiveCfg = Debug|Any CPU
		{5926A530-2401-4680-ADEF-4C9739E89DA9}.Debug|Any CPU.Build.0 = Debug|Any CPU
		{5926A530-2401-4680-ADEF-4C9739E89DA9}.Release|Any CPU.ActiveCfg = Release|Any CPU
		{5926A530-2401-4680-ADEF-4C9739E89DA9}.Release|Any CPU.Build.0 = Release|Any CPU
		{CC2CC02F-D3C5-4146-B56E-3511DAD91967}.Debug|Any CPU.ActiveCfg = Debug|Any CPU
		{CC2CC02F-D3C5-4146-B56E-3511DAD91967}.Debug|Any CPU.Build.0 = Debug|Any CPU
		{CC2CC02F-D3C5-4146-B56E-3511DAD91967}.Release|Any CPU.ActiveCfg = Release|Any CPU
		{CC2CC02F-D3C5-4146-B56E-3511DAD91967}.Release|Any CPU.Build.0 = Release|Any CPU
		{CD4EE154-33B3-414B-929A-92E08370B0C3}.Debug|Any CPU.ActiveCfg = Debug|Any CPU
		{CD4EE154-33B3-414B-929A-92E08370B0C3}.Debug|Any CPU.Build.0 = Debug|Any CPU
		{CD4EE154-33B3-414B-929A-92E08370B0C3}.Release|Any CPU.ActiveCfg = Release|Any CPU
		{CD4EE154-33B3-414B-929A-92E08370B0C3}.Release|Any CPU.Build.0 = Release|Any CPU
		{010D311B-8F70-459D-8495-55EAE73C412B}.Debug|Any CPU.ActiveCfg = Debug|Any CPU
		{010D311B-8F70-459D-8495-55EAE73C412B}.Debug|Any CPU.Build.0 = Debug|Any CPU
		{010D311B-8F70-459D-8495-55EAE73C412B}.Release|Any CPU.ActiveCfg = Release|Any CPU
		{010D311B-8F70-459D-8495-55EAE73C412B}.Release|Any CPU.Build.0 = Release|Any CPU
		{FEA081C3-C96D-46E5-B7D3-6E599A83E4E6}.Debug|Any CPU.ActiveCfg = Debug|Any CPU
		{FEA081C3-C96D-46E5-B7D3-6E599A83E4E6}.Debug|Any CPU.Build.0 = Debug|Any CPU
		{FEA081C3-C96D-46E5-B7D3-6E599A83E4E6}.Release|Any CPU.ActiveCfg = Release|Any CPU
		{FEA081C3-C96D-46E5-B7D3-6E599A83E4E6}.Release|Any CPU.Build.0 = Release|Any CPU
		{8D52B09F-ADBC-46AC-A0AE-19B6D4686A43}.Debug|Any CPU.ActiveCfg = Debug|Any CPU
		{8D52B09F-ADBC-46AC-A0AE-19B6D4686A43}.Debug|Any CPU.Build.0 = Debug|Any CPU
		{8D52B09F-ADBC-46AC-A0AE-19B6D4686A43}.Release|Any CPU.ActiveCfg = Release|Any CPU
		{8D52B09F-ADBC-46AC-A0AE-19B6D4686A43}.Release|Any CPU.Build.0 = Release|Any CPU
	EndGlobalSection
	GlobalSection(SolutionProperties) = preSolution
		HideSolutionNode = FALSE
	EndGlobalSection
	GlobalSection(ExtensibilityGlobals) = postSolution
		SolutionGuid = {DCBC1305-5535-4AAA-BE3D-2AF0A9B55B76}
	EndGlobalSection
EndGlobal
